
Microsoft Visual Studio Solution File, Format Version 12.00
# Visual Studio Version 17
VisualStudioVersion = 17.14.36119.2 d17.14
MinimumVisualStudioVersion = 10.0.40219.1
Project("{FAE04EC0-301F-11D3-BF4B-00C04F79EFBC}") = "mailsender", "mailsender\mailsender.csproj", "{CE086D04-7DFC-420A-ADBA-A0641CC55F52}"
EndProject
Global
	GlobalSection(SolutionConfigurationPlatforms) = preSolution
		Debug|Any CPU = Debug|Any CPU
		Release|Any CPU = Release|Any CPU
	EndGlobalSection
	GlobalSection(ProjectConfigurationPlatforms) = postSolution
		{CE086D04-7DFC-420A-ADBA-A0641CC55F52}.Debug|Any CPU.ActiveCfg = Debug|Any CPU
		{CE086D04-7DFC-420A-ADBA-A0641CC55F52}.Debug|Any CPU.Build.0 = Debug|Any CPU
		{CE086D04-7DFC-420A-ADBA-A0641CC55F52}.Release|Any CPU.ActiveCfg = Release|Any CPU
		{CE086D04-7DFC-420A-ADBA-A0641CC55F52}.Release|Any CPU.Build.0 = Release|Any CPU
	EndGlobalSection
	GlobalSection(SolutionProperties) = preSolution
		HideSolutionNode = FALSE
	EndGlobalSection
	GlobalSection(ExtensibilityGlobals) = postSolution
		SolutionGuid = {8757AF98-7715-41C6-AF4A-CA2606FAEF0E}
	EndGlobalSection
EndGlobal
